// !$*UTF8*$!
{
	archiveVersion = 1;
	classes = {
	};
	objectVersion = 46;
	objects = {

/* Begin PBXBuildFile section */
		9AECFA7C1D6AB02400E9EC68 /* AppDelegate.swift in Sources */ = {isa = PBXBuildFile; fileRef = 9AECFA7B1D6AB02400E9EC68 /* AppDelegate.swift */; };
		9AECFA7E1D6AB02400E9EC68 /* ViewController.swift in Sources */ = {isa = PBXBuildFile; fileRef = 9AECFA7D1D6AB02400E9EC68 /* ViewController.swift */; };
		9AECFA811D6AB02400E9EC68 /* Main.storyboard in Resources */ = {isa = PBXBuildFile; fileRef = 9AECFA7F1D6AB02400E9EC68 /* Main.storyboard */; };
		9AECFA831D6AB02400E9EC68 /* Assets.xcassets in Resources */ = {isa = PBXBuildFile; fileRef = 9AECFA821D6AB02400E9EC68 /* Assets.xcassets */; };
		9AECFA861D6AB02400E9EC68 /* LaunchScreen.storyboard in Resources */ = {isa = PBXBuildFile; fileRef = 9AECFA841D6AB02400E9EC68 /* LaunchScreen.storyboard */; };
		9AECFA8E1D6AB06C00E9EC68 /* HynRegular.swift in Sources */ = {isa = PBXBuildFile; fileRef = 9AECFA8D1D6AB06C00E9EC68 /* HynRegular.swift */; };
/* End PBXBuildFile section */

/* Begin PBXFileReference section */
		9AECFA781D6AB02400E9EC68 /* HynRegular.app */ = {isa = PBXFileReference; explicitFileType = wrapper.application; includeInIndex = 0; path = HynRegular.app; sourceTree = BUILT_PRODUCTS_DIR; };
		9AECFA7B1D6AB02400E9EC68 /* AppDelegate.swift */ = {isa = PBXFileReference; lastKnownFileType = sourcecode.swift; path = AppDelegate.swift; sourceTree = "<group>"; };
		9AECFA7D1D6AB02400E9EC68 /* ViewController.swift */ = {isa = PBXFileReference; lastKnownFileType = sourcecode.swift; path = ViewController.swift; sourceTree = "<group>"; };
		9AECFA801D6AB02400E9EC68 /* Base */ = {isa = PBXFileReference; lastKnownFileType = file.storyboard; name = Base; path = Base.lproj/Main.storyboard; sourceTree = "<group>"; };
		9AECFA821D6AB02400E9EC68 /* Assets.xcassets */ = {isa = PBXFileReference; lastKnownFileType = folder.assetcatalog; path = Assets.xcassets; sourceTree = "<group>"; };
		9AECFA851D6AB02400E9EC68 /* Base */ = {isa = PBXFileReference; lastKnownFileType = file.storyboard; name = Base; path = Base.lproj/LaunchScreen.storyboard; sourceTree = "<group>"; };
		9AECFA871D6AB02400E9EC68 /* Info.plist */ = {isa = PBXFileReference; lastKnownFileType = text.plist.xml; path = Info.plist; sourceTree = "<group>"; };
		9AECFA8D1D6AB06C00E9EC68 /* HynRegular.swift */ = {isa = PBXFileReference; fileEncoding = 4; lastKnownFileType = sourcecode.swift; path = HynRegular.swift; sourceTree = "<group>"; };
/* End PBXFileReference section */

/* Begin PBXFrameworksBuildPhase section */
		9AECFA751D6AB02400E9EC68 /* Frameworks */ = {
			isa = PBXFrameworksBuildPhase;
			buildActionMask = 2147483647;
			files = (
			);
			runOnlyForDeploymentPostprocessing = 0;
		};
/* End PBXFrameworksBuildPhase section */

/* Begin PBXGroup section */
		9AECFA6F1D6AB02400E9EC68 = {
			isa = PBXGroup;
			children = (
				9AECFA7A1D6AB02400E9EC68 /* HynRegular */,
				9AECFA791D6AB02400E9EC68 /* Products */,
			);
			sourceTree = "<group>";
		};
		9AECFA791D6AB02400E9EC68 /* Products */ = {
			isa = PBXGroup;
			children = (
				9AECFA781D6AB02400E9EC68 /* HynRegular.app */,
			);
			name = Products;
			sourceTree = "<group>";
		};
		9AECFA7A1D6AB02400E9EC68 /* HynRegular */ = {
			isa = PBXGroup;
			children = (
				9AECFA8D1D6AB06C00E9EC68 /* HynRegular.swift */,
				9AECFA7B1D6AB02400E9EC68 /* AppDelegate.swift */,
				9AECFA7D1D6AB02400E9EC68 /* ViewController.swift */,
				9AECFA7F1D6AB02400E9EC68 /* Main.storyboard */,
				9AECFA821D6AB02400E9EC68 /* Assets.xcassets */,
				9AECFA841D6AB02400E9EC68 /* LaunchScreen.storyboard */,
				9AECFA871D6AB02400E9EC68 /* Info.plist */,
			);
			path = HynRegular;
			sourceTree = "<group>";
		};
/* End PBXGroup section */

/* Begin PBXNativeTarget section */
		9AECFA771D6AB02400E9EC68 /* HynRegular */ = {
			isa = PBXNativeTarget;
			buildConfigurationList = 9AECFA8A1D6AB02400E9EC68 /* Build configuration list for PBXNativeTarget "HynRegular" */;
			buildPhases = (
				9AECFA741D6AB02400E9EC68 /* Sources */,
				9AECFA751D6AB02400E9EC68 /* Frameworks */,
				9AECFA761D6AB02400E9EC68 /* Resources */,
			);
			buildRules = (
			);
			dependencies = (
			);
			name = HynRegular;
			productName = HynRegular;
			productReference = 9AECFA781D6AB02400E9EC68 /* HynRegular.app */;
			productType = "com.apple.product-type.application";
		};
/* End PBXNativeTarget section */

/* Begin PBXProject section */
		9AECFA701D6AB02400E9EC68 /* Project object */ = {
			isa = PBXProject;
			attributes = {
				LastSwiftUpdateCheck = 0730;
				LastUpgradeCheck = 0730;
				ORGANIZATIONNAME = "Huang Yanan";
				TargetAttributes = {
					9AECFA771D6AB02400E9EC68 = {
						CreatedOnToolsVersion = 7.3.1;
					};
				};
			};
			buildConfigurationList = 9AECFA731D6AB02400E9EC68 /* Build configuration list for PBXProject "HynRegular" */;
			compatibilityVersion = "Xcode 3.2";
			developmentRegion = English;
			hasScannedForEncodings = 0;
			knownRegions = (
				en,
				Base,
			);
			mainGroup = 9AECFA6F1D6AB02400E9EC68;
			productRefGroup = 9AECFA791D6AB02400E9EC68 /* Products */;
			projectDirPath = "";
			projectRoot = "";
			targets = (
				9AECFA771D6AB02400E9EC68 /* HynRegular */,
			);
		};
/* End PBXProject section */

/* Begin PBXResourcesBuildPhase section */
		9AECFA761D6AB02400E9EC68 /* Resources */ = {
			isa = PBXResourcesBuildPhase;
			buildActionMask = 2147483647;
			files = (
				9AECFA861D6AB02400E9EC68 /* LaunchScreen.storyboard in Resources */,
				9AECFA831D6AB02400E9EC68 /* Assets.xcassets in Resources */,
				9AECFA811D6AB02400E9EC68 /* Main.storyboard in Resources */,
			);
			runOnlyForDeploymentPostprocessing = 0;
		};
/* End PBXResourcesBuildPhase section */

/* Begin PBXSourcesBuildPhase section */
		9AECFA741D6AB02400E9EC68 /* Sources */ = {
			isa = PBXSourcesBuildPhase;
			buildActionMask = 2147483647;
			files = (
				9AECFA7E1D6AB02400E9EC68 /* ViewController.swift in Sources */,
				9AECFA8E1D6AB06C00E9EC68 /* HynRegular.swift in Sources */,
				9AECFA7C1D6AB02400E9EC68 /* AppDelegate.swift in Sources */,
			);
			runOnlyForDeploymentPostprocessing = 0;
		};
/* End PBXSourcesBuildPhase section */

/* Begin PBXVariantGroup section */
		9AECFA7F1D6AB02400E9EC68 /* Main.storyboard */ = {
			isa = PBXVariantGroup;
			children = (
				9AECFA801D6AB02400E9EC68 /* Base */,
			);
			name = Main.storyboard;
			sourceTree = "<group>";
		};
		9AECFA841D6AB02400E9EC68 /* LaunchScreen.storyboard */ = {
			isa = PBXVariantGroup;
			children = (
				9AECFA851D6AB02400E9EC68 /* Base */,
			);
			name = LaunchScreen.storyboard;
			sourceTree = "<group>";
		};
/* End PBXVariantGroup section */

/* Begin XCBuildConfiguration section */
		9AECFA881D6AB02400E9EC68 /* Debug */ = {
			isa = XCBuildConfiguration;
			buildSettings = {
				ALWAYS_SEARCH_USER_PATHS = NO;
				CLANG_ANALYZER_NONNULL = YES;
				CLANG_CXX_LANGUAGE_STANDARD = "gnu++0x";
				CLANG_CXX_LIBRARY = "libc++";
				CLANG_ENABLE_MODULES = YES;
				CLANG_ENABLE_OBJC_ARC = YES;
				CLANG_WARN_BOOL_CONVERSION = YES;
				CLANG_WARN_CONSTANT_CONVERSION = YES;
				CLANG_WARN_DIRECT_OBJC_ISA_USAGE = YES_ERROR;
				CLANG_WARN_EMPTY_BODY = YES;
				CLANG_WARN_ENUM_CONVERSION = YES;
				CLANG_WARN_INT_CONVERSION = YES;
				CLANG_WARN_OBJC_ROOT_CLASS = YES_ERROR;
				CLANG_WARN_UNREACHABLE_CODE = YES;
				CLANG_WARN__DUPLICATE_METHOD_MATCH = YES;
				"CODE_SIGN_IDENTITY[sdk=iphoneos*]" = "iPhone Developer";
				COPY_PHASE_STRIP = NO;
				DEBUG_INFORMATION_FORMAT = dwarf;
				ENABLE_STRICT_OBJC_MSGSEND = YES;
				ENABLE_TESTABILITY = YES;
				GCC_C_LANGUAGE_STANDARD = gnu99;
				GCC_DYNAMIC_NO_PIC = NO;
				GCC_NO_COMMON_BLOCKS = YES;
				GCC_OPTIMIZATION_LEVEL = 0;
				GCC_PREPROCESSOR_DEFINITIONS = (
					"DEBUG=1",
					"$(inherited)",
				);
				GCC_WARN_64_TO_32_BIT_CONVERSION = YES;
				GCC_WARN_ABOUT_RETURN_TYPE = YES_ERROR;
				GCC_WARN_UNDECLARED_SELECTOR = YES;
				GCC_WARN_UNINITIALIZED_AUTOS = YES_AGGRESSIVE;
				GCC_WARN_UNUSED_FUNCTION = YES;
				GCC_WARN_UNUSED_VARIABLE = YES;
				IPHONEOS_DEPLOYMENT_TARGET = 9.3;
				MTL_ENABLE_DEBUG_INFO = YES;
				ONLY_ACTIVE_ARCH = YES;
				SDKROOT = iphoneos;
				SWIFT_OPTIMIZATION_LEVEL = "-Onone";
			};
			name = Debug;
		};
		9AECFA891D6AB02400E9EC68 /* Release */ = {
			isa = XCBuildConfiguration;
			buildSettings = {
				ALWAYS_SEARCH_USER_PATHS = NO;
				CLANG_ANALYZER_NONNULL = YES;
				CLANG_CXX_LANGUAGE_STANDARD = "gnu++0x";
				CLANG_CXX_LIBRARY = "libc++";
				CLANG_ENABLE_MODULES = YES;
				CLANG_ENABLE_OBJC_ARC = YES;
				CLANG_WARN_BOOL_CONVERSION = YES;
				CLANG_WARN_CONSTANT_CONVERSION = YES;
				CLANG_WARN_DIRECT_OBJC_ISA_USAGE = YES_ERROR;
				CLANG_WARN_EMPTY_BODY = YES;
				CLANG_WARN_ENUM_CONVERSION = YES;
				CLANG_WARN_INT_CONVERSION = YES;
				CLANG_WARN_OBJC_ROOT_CLASS = YES_ERROR;
				CLANG_WARN_UNREACHABLE_CODE = YES;
				CLANG_WARN__DUPLICATE_METHOD_MATCH = YES;
				"CODE_SIGN_IDENTITY[sdk=iphoneos*]" = "iPhone Developer";
				COPY_PHASE_STRIP = NO;
				DEBUG_INFORMATION_FORMAT = "dwarf-with-dsym";
				ENABLE_NS_ASSERTIONS = NO;
				ENABLE_STRICT_OBJC_MSGSEND = YES;
				GCC_C_LANGUAGE_STANDARD = gnu99;
				GCC_NO_COMMON_BLOCKS = YES;
				GCC_WARN_64_TO_32_BIT_CONVERSION = YES;
				GCC_WARN_ABOUT_RETURN_TYPE = YES_ERROR;
				GCC_WARN_UNDECLARED_SELECTOR = YES;
				GCC_WARN_UNINITIALIZED_AUTOS = YES_AGGRESSIVE;
				GCC_WARN_UNUSED_FUNCTION = YES;
				GCC_WARN_UNUSED_VARIABLE = YES;
				IPHONEOS_DEPLOYMENT_TARGET = 9.3;
				MTL_ENABLE_DEBUG_INFO = NO;
				SDKROOT = iphoneos;
				VALIDATE_PRODUCT = YES;
			};
			name = Release;
		};
		9AECFA8B1D6AB02400E9EC68 /* Debug */ = {
			isa = XCBuildConfiguration;
			buildSettings = {
				ASSETCATALOG_COMPILER_APPICON_NAME = AppIcon;
				INFOPLIST_FILE = HynRegular/Info.plist;
				LD_RUNPATH_SEARCH_PATHS = "$(inherited) @executable_path/Frameworks";
				PRODUCT_BUNDLE_IDENTIFIER = com.zhuanche01.HynRegular;
				PRODUCT_NAME = "$(TARGET_NAME)";
			};
			name = Debug;
		};
		9AECFA8C1D6AB02400E9EC68 /* Release */ = {
			isa = XCBuildConfiguration;
			buildSettings = {
				ASSETCATALOG_COMPILER_APPICON_NAME = AppIcon;
				INFOPLIST_FILE = HynRegular/Info.plist;
				LD_RUNPATH_SEARCH_PATHS = "$(inherited) @executable_path/Frameworks";
				PRODUCT_BUNDLE_IDENTIFIER = com.zhuanche01.HynRegular;
				PRODUCT_NAME = "$(TARGET_NAME)";
			};
			name = Release;
		};
/* End XCBuildConfiguration section */

/* Begin XCConfigurationList section */
		9AECFA731D6AB02400E9EC68 /* Build configuration list for PBXProject "HynRegular" */ = {
			isa = XCConfigurationList;
			buildConfigurations = (
				9AECFA881D6AB02400E9EC68 /* Debug */,
				9AECFA891D6AB02400E9EC68 /* Release */,
			);
			defaultConfigurationIsVisible = 0;
			defaultConfigurationName = Release;
		};
		9AECFA8A1D6AB02400E9EC68 /* Build configuration list for PBXNativeTarget "HynRegular" */ = {
			isa = XCConfigurationList;
			buildConfigurations = (
				9AECFA8B1D6AB02400E9EC68 /* Debug */,
				9AECFA8C1D6AB02400E9EC68 /* Release */,
			);
			defaultConfigurationIsVisible = 0;
		};
/* End XCConfigurationList section */
	};
	rootObject = 9AECFA701D6AB02400E9EC68 /* Project object */;
}
